
Microsoft Visual Studio Solution File, Format Version 12.00
# Visual Studio Version 17
VisualStudioVersion = 17.0.31903.59
MinimumVisualStudioVersion = 10.0.40219.1
Project("{FAE04EC0-301F-11D3-BF4B-00C04F79EFBC}") = "UserAPI", "UserAPI\UserAPI.csproj", "{A6B9903E-AA98-4659-BEBA-C06DA742A752}"
EndProject
Project("{FAE04EC0-301F-11D3-BF4B-00C04F79EFBC}") = "HistoryAPI", "HistoryAPI\HistoryAPI.csproj", "{982E806D-54A4-4665-A062-EB12F8F861A2}"
EndProject
Project("{FAE04EC0-301F-11D3-BF4B-00C04F79EFBC}") = "Models", "Models\Models.csproj", "{B87A4D59-032C-4BE3-B138-84D55591FB54}"
EndProject
Project("{FAE04EC0-301F-11D3-BF4B-00C04F79EFBC}") = "ProcessAPI", "ProcessAPI\ProcessAPI.csproj", "{D0AAE48D-600A-4D3E-8D90-7B23C6FB90A4}"
EndProject
Global
	GlobalSection(SolutionConfigurationPlatforms) = preSolution
		Debug|Any CPU = Debug|Any CPU
		Release|Any CPU = Release|Any CPU
	EndGlobalSection
	GlobalSection(SolutionProperties) = preSolution
		HideSolutionNode = FALSE
	EndGlobalSection
	GlobalSection(ProjectConfigurationPlatforms) = postSolution
		{A6B9903E-AA98-4659-BEBA-C06DA742A752}.Debug|Any CPU.ActiveCfg = Debug|Any CPU
		{A6B9903E-AA98-4659-BEBA-C06DA742A752}.Debug|Any CPU.Build.0 = Debug|Any CPU
		{A6B9903E-AA98-4659-BEBA-C06DA742A752}.Release|Any CPU.ActiveCfg = Release|Any CPU
		{A6B9903E-AA98-4659-BEBA-C06DA742A752}.Release|Any CPU.Build.0 = Release|Any CPU
		{982E806D-54A4-4665-A062-EB12F8F861A2}.Debug|Any CPU.ActiveCfg = Debug|Any CPU
		{982E806D-54A4-4665-A062-EB12F8F861A2}.Debug|Any CPU.Build.0 = Debug|Any CPU
		{982E806D-54A4-4665-A062-EB12F8F861A2}.Release|Any CPU.ActiveCfg = Release|Any CPU
		{982E806D-54A4-4665-A062-EB12F8F861A2}.Release|Any CPU.Build.0 = Release|Any CPU
		{B87A4D59-032C-4BE3-B138-84D55591FB54}.Debug|Any CPU.ActiveCfg = Debug|Any CPU
		{B87A4D59-032C-4BE3-B138-84D55591FB54}.Debug|Any CPU.Build.0 = Debug|Any CPU
		{B87A4D59-032C-4BE3-B138-84D55591FB54}.Release|Any CPU.ActiveCfg = Release|Any CPU
		{B87A4D59-032C-4BE3-B138-84D55591FB54}.Release|Any CPU.Build.0 = Release|Any CPU
		{D0AAE48D-600A-4D3E-8D90-7B23C6FB90A4}.Debug|Any CPU.ActiveCfg = Debug|Any CPU
		{D0AAE48D-600A-4D3E-8D90-7B23C6FB90A4}.Debug|Any CPU.Build.0 = Debug|Any CPU
		{D0AAE48D-600A-4D3E-8D90-7B23C6FB90A4}.Release|Any CPU.ActiveCfg = Release|Any CPU
		{D0AAE48D-600A-4D3E-8D90-7B23C6FB90A4}.Release|Any CPU.Build.0 = Release|Any CPU
	EndGlobalSection
EndGlobal
